
Microsoft Visual Studio Solution File, Format Version 12.00
# Visual Studio 15
VisualStudioVersion = 15.0.26124.0
MinimumVisualStudioVersion = 15.0.26124.0
Project("{FAE04EC0-301F-11D3-BF4B-00C04F79EFBC}") = "SorteioHab.Domain", "SorteioHab.Domain\SorteioHab.Domain.csproj", "{17643A06-EA44-42E1-A7A8-BEC3D59D8398}"
EndProject
Project("{FAE04EC0-301F-11D3-BF4B-00C04F79EFBC}") = "SorteioHab.Domain.Api", "SorteioHab.Domain.Api\SorteioHab.Domain.Api.csproj", "{1CF51473-D2F1-41C5-ACEE-75864A5DF3B7}"
EndProject
Project("{FAE04EC0-301F-11D3-BF4B-00C04F79EFBC}") = "SorteioHab.Domain.Infra", "SorteioHab.Domain.Infra\SorteioHab.Domain.Infra.csproj", "{6A91F966-BF46-4760-920E-BD43AB503142}"
EndProject
Project("{FAE04EC0-301F-11D3-BF4B-00C04F79EFBC}") = "SorteioHab.Domain.Tests", "SorteioHab.Domain.Tests\SorteioHab.Domain.Tests.csproj", "{EDAEBA8B-D607-4725-8940-F2E2BE35EF6E}"
EndProject
Global
	GlobalSection(SolutionConfigurationPlatforms) = preSolution
		Debug|Any CPU = Debug|Any CPU
		Debug|x64 = Debug|x64
		Debug|x86 = Debug|x86
		Release|Any CPU = Release|Any CPU
		Release|x64 = Release|x64
		Release|x86 = Release|x86
	EndGlobalSection
	GlobalSection(SolutionProperties) = preSolution
		HideSolutionNode = FALSE
	EndGlobalSection
	GlobalSection(ProjectConfigurationPlatforms) = postSolution
		{17643A06-EA44-42E1-A7A8-BEC3D59D8398}.Debug|Any CPU.ActiveCfg = Debug|Any CPU
		{17643A06-EA44-42E1-A7A8-BEC3D59D8398}.Debug|Any CPU.Build.0 = Debug|Any CPU
		{17643A06-EA44-42E1-A7A8-BEC3D59D8398}.Debug|x64.ActiveCfg = Debug|Any CPU
		{17643A06-EA44-42E1-A7A8-BEC3D59D8398}.Debug|x64.Build.0 = Debug|Any CPU
		{17643A06-EA44-42E1-A7A8-BEC3D59D8398}.Debug|x86.ActiveCfg = Debug|Any CPU
		{17643A06-EA44-42E1-A7A8-BEC3D59D8398}.Debug|x86.Build.0 = Debug|Any CPU
		{17643A06-EA44-42E1-A7A8-BEC3D59D8398}.Release|Any CPU.ActiveCfg = Release|Any CPU
		{17643A06-EA44-42E1-A7A8-BEC3D59D8398}.Release|Any CPU.Build.0 = Release|Any CPU
		{17643A06-EA44-42E1-A7A8-BEC3D59D8398}.Release|x64.ActiveCfg = Release|Any CPU
		{17643A06-EA44-42E1-A7A8-BEC3D59D8398}.Release|x64.Build.0 = Release|Any CPU
		{17643A06-EA44-42E1-A7A8-BEC3D59D8398}.Release|x86.ActiveCfg = Release|Any CPU
		{17643A06-EA44-42E1-A7A8-BEC3D59D8398}.Release|x86.Build.0 = Release|Any CPU
		{1CF51473-D2F1-41C5-ACEE-75864A5DF3B7}.Debug|Any CPU.ActiveCfg = Debug|Any CPU
		{1CF51473-D2F1-41C5-ACEE-75864A5DF3B7}.Debug|Any CPU.Build.0 = Debug|Any CPU
		{1CF51473-D2F1-41C5-ACEE-75864A5DF3B7}.Debug|x64.ActiveCfg = Debug|Any CPU
		{1CF51473-D2F1-41C5-ACEE-75864A5DF3B7}.Debug|x64.Build.0 = Debug|Any CPU
		{1CF51473-D2F1-41C5-ACEE-75864A5DF3B7}.Debug|x86.ActiveCfg = Debug|Any CPU
		{1CF51473-D2F1-41C5-ACEE-75864A5DF3B7}.Debug|x86.Build.0 = Debug|Any CPU
		{1CF51473-D2F1-41C5-ACEE-75864A5DF3B7}.Release|Any CPU.ActiveCfg = Release|Any CPU
		{1CF51473-D2F1-41C5-ACEE-75864A5DF3B7}.Release|Any CPU.Build.0 = Release|Any CPU
		{1CF51473-D2F1-41C5-ACEE-75864A5DF3B7}.Release|x64.ActiveCfg = Release|Any CPU
		{1CF51473-D2F1-41C5-ACEE-75864A5DF3B7}.Release|x64.Build.0 = Release|Any CPU
		{1CF51473-D2F1-41C5-ACEE-75864A5DF3B7}.Release|x86.ActiveCfg = Release|Any CPU
		{1CF51473-D2F1-41C5-ACEE-75864A5DF3B7}.Release|x86.Build.0 = Release|Any CPU
		{6A91F966-BF46-4760-920E-BD43AB503142}.Debug|Any CPU.ActiveCfg = Debug|Any CPU
		{6A91F966-BF46-4760-920E-BD43AB503142}.Debug|Any CPU.Build.0 = Debug|Any CPU
		{6A91F966-BF46-4760-920E-BD43AB503142}.Debug|x64.ActiveCfg = Debug|Any CPU
		{6A91F966-BF46-4760-920E-BD43AB503142}.Debug|x64.Build.0 = Debug|Any CPU
		{6A91F966-BF46-4760-920E-BD43AB503142}.Debug|x86.ActiveCfg = Debug|Any CPU
		{6A91F966-BF46-4760-920E-BD43AB503142}.Debug|x86.Build.0 = Debug|Any CPU
		{6A91F966-BF46-4760-920E-BD43AB503142}.Release|Any CPU.ActiveCfg = Release|Any CPU
		{6A91F966-BF46-4760-920E-BD43AB503142}.Release|Any CPU.Build.0 = Release|Any CPU
		{6A91F966-BF46-4760-920E-BD43AB503142}.Release|x64.ActiveCfg = Release|Any CPU
		{6A91F966-BF46-4760-920E-BD43AB503142}.Release|x64.Build.0 = Release|Any CPU
		{6A91F966-BF46-4760-920E-BD43AB503142}.Release|x86.ActiveCfg = Release|Any CPU
		{6A91F966-BF46-4760-920E-BD43AB503142}.Release|x86.Build.0 = Release|Any CPU
		{EDAEBA8B-D607-4725-8940-F2E2BE35EF6E}.Debug|Any CPU.ActiveCfg = Debug|Any CPU
		{EDAEBA8B-D607-4725-8940-F2E2BE35EF6E}.Debug|Any CPU.Build.0 = Debug|Any CPU
		{EDAEBA8B-D607-4725-8940-F2E2BE35EF6E}.Debug|x64.ActiveCfg = Debug|Any CPU
		{EDAEBA8B-D607-4725-8940-F2E2BE35EF6E}.Debug|x64.Build.0 = Debug|Any CPU
		{EDAEBA8B-D607-4725-8940-F2E2BE35EF6E}.Debug|x86.ActiveCfg = Debug|Any CPU
		{EDAEBA8B-D607-4725-8940-F2E2BE35EF6E}.Debug|x86.Build.0 = Debug|Any CPU
		{EDAEBA8B-D607-4725-8940-F2E2BE35EF6E}.Release|Any CPU.ActiveCfg = Release|Any CPU
		{EDAEBA8B-D607-4725-8940-F2E2BE35EF6E}.Release|Any CPU.Build.0 = Release|Any CPU
		{EDAEBA8B-D607-4725-8940-F2E2BE35EF6E}.Release|x64.ActiveCfg = Release|Any CPU
		{EDAEBA8B-D607-4725-8940-F2E2BE35EF6E}.Release|x64.Build.0 = Release|Any CPU
		{EDAEBA8B-D607-4725-8940-F2E2BE35EF6E}.Release|x86.ActiveCfg = Release|Any CPU
		{EDAEBA8B-D607-4725-8940-F2E2BE35EF6E}.Release|x86.Build.0 = Release|Any CPU
	EndGlobalSection
EndGlobal
